
Microsoft Visual Studio Solution File, Format Version 12.00
# Visual Studio 15
VisualStudioVersion = 15.0.27004.2002
MinimumVisualStudioVersion = 10.0.40219.1
Project("{FAE04EC0-301F-11D3-BF4B-00C04F79EFBC}") = "çalışma8", "çalışma8\çalışma8.csproj", "{4BF15A0E-DDA2-478A-8178-9AE65513EDBA}"
EndProject
Global
	GlobalSection(SolutionConfigurationPlatforms) = preSolution
		Debug|Any CPU = Debug|Any CPU
		Release|Any CPU = Release|Any CPU
	EndGlobalSection
	GlobalSection(ProjectConfigurationPlatforms) = postSolution
		{4BF15A0E-DDA2-478A-8178-9AE65513EDBA}.Debug|Any CPU.ActiveCfg = Debug|Any CPU
		{4BF15A0E-DDA2-478A-8178-9AE65513EDBA}.Debug|Any CPU.Build.0 = Debug|Any CPU
		{4BF15A0E-DDA2-478A-8178-9AE65513EDBA}.Release|Any CPU.ActiveCfg = Release|Any CPU
		{4BF15A0E-DDA2-478A-8178-9AE65513EDBA}.Release|Any CPU.Build.0 = Release|Any CPU
	EndGlobalSection
	GlobalSection(SolutionProperties) = preSolution
		HideSolutionNode = FALSE
	EndGlobalSection
	GlobalSection(ExtensibilityGlobals) = postSolution
		SolutionGuid = {8B3AE356-9134-48F8-BA61-BEB6E551C744}
	EndGlobalSection
EndGlobal
